
Microsoft Visual Studio Solution File, Format Version 12.00
# Visual Studio 14
VisualStudioVersion = 14.0.24720.0
MinimumVisualStudioVersion = 10.0.40219.1
Project("{8BC9CEB8-8B4A-11D0-8D11-00A0C91BC942}") = "LightShowEngine", "LightShowEngine\LightShowEngine.vcxproj", "{09F4B261-FF16-4FE6-9D44-3973D9E3A17E}"
EndProject
Global
	GlobalSection(SolutionConfigurationPlatforms) = preSolution
		Debug|Win32 = Debug|Win32
		Release|Win32 = Release|Win32
	EndGlobalSection
	GlobalSection(ProjectConfigurationPlatforms) = postSolution
		{09F4B261-FF16-4FE6-9D44-3973D9E3A17E}.Debug|Win32.ActiveCfg = Debug|Win32
		{09F4B261-FF16-4FE6-9D44-3973D9E3A17E}.Debug|Win32.Build.0 = Debug|Win32
		{09F4B261-FF16-4FE6-9D44-3973D9E3A17E}.Release|Win32.ActiveCfg = Release|Win32
		{09F4B261-FF16-4FE6-9D44-3973D9E3A17E}.Release|Win32.Build.0 = Release|Win32
	EndGlobalSection
	GlobalSection(SolutionProperties) = preSolution
		HideSolutionNode = FALSE
	EndGlobalSection
EndGlobal
